
Microsoft Visual Studio Solution File, Format Version 12.00
# Visual Studio Version 17
VisualStudioVersion = 17.11.35222.181
MinimumVisualStudioVersion = 10.0.40219.1
Project("{9A19103F-16F7-4668-BE54-9A1E7A4F7556}") = "ProductsApi", "ProductsApi\ProductsApi.csproj", "{69A5D72D-2BE8-4B7B-A3EF-34E997EE6276}"
EndProject
Project("{9A19103F-16F7-4668-BE54-9A1E7A4F7556}") = "OrdersApi", "OrdersApi\OrdersApi.csproj", "{57237A02-78AF-4B1E-8BED-F9722FF812B7}"
EndProject
Project("{FAE04EC0-301F-11D3-BF4B-00C04F79EFBC}") = "OcelotGateway", "OcelotGateway\OcelotGateway.csproj", "{0EA01283-5834-4093-8B55-AF1928B2C9BE}"
EndProject
Global
	GlobalSection(SolutionConfigurationPlatforms) = preSolution
		Debug|Any CPU = Debug|Any CPU
		Release|Any CPU = Release|Any CPU
	EndGlobalSection
	GlobalSection(ProjectConfigurationPlatforms) = postSolution
		{69A5D72D-2BE8-4B7B-A3EF-34E997EE6276}.Debug|Any CPU.ActiveCfg = Debug|Any CPU
		{69A5D72D-2BE8-4B7B-A3EF-34E997EE6276}.Debug|Any CPU.Build.0 = Debug|Any CPU
		{69A5D72D-2BE8-4B7B-A3EF-34E997EE6276}.Release|Any CPU.ActiveCfg = Release|Any CPU
		{69A5D72D-2BE8-4B7B-A3EF-34E997EE6276}.Release|Any CPU.Build.0 = Release|Any CPU
		{57237A02-78AF-4B1E-8BED-F9722FF812B7}.Debug|Any CPU.ActiveCfg = Debug|Any CPU
		{57237A02-78AF-4B1E-8BED-F9722FF812B7}.Debug|Any CPU.Build.0 = Debug|Any CPU
		{57237A02-78AF-4B1E-8BED-F9722FF812B7}.Release|Any CPU.ActiveCfg = Release|Any CPU
		{57237A02-78AF-4B1E-8BED-F9722FF812B7}.Release|Any CPU.Build.0 = Release|Any CPU
		{0EA01283-5834-4093-8B55-AF1928B2C9BE}.Debug|Any CPU.ActiveCfg = Debug|Any CPU
		{0EA01283-5834-4093-8B55-AF1928B2C9BE}.Debug|Any CPU.Build.0 = Debug|Any CPU
		{0EA01283-5834-4093-8B55-AF1928B2C9BE}.Release|Any CPU.ActiveCfg = Release|Any CPU
		{0EA01283-5834-4093-8B55-AF1928B2C9BE}.Release|Any CPU.Build.0 = Release|Any CPU
	EndGlobalSection
	GlobalSection(SolutionProperties) = preSolution
		HideSolutionNode = FALSE
	EndGlobalSection
	GlobalSection(ExtensibilityGlobals) = postSolution
		SolutionGuid = {C2421036-154E-4DC6-8277-BD41981C72C7}
	EndGlobalSection
EndGlobal
